
Microsoft Visual Studio Solution File, Format Version 12.00
# Visual Studio Version 16
VisualStudioVersion = 16.0.30225.117
MinimumVisualStudioVersion = 10.0.40219.1
Project("{FAE04EC0-301F-11D3-BF4B-00C04F79EFBC}") = "loginsystem", "loginsystem\loginsystem.csproj", "{1A0BACE5-47C4-49C0-9A55-B084A9AC9038}"
EndProject
Global
	GlobalSection(SolutionConfigurationPlatforms) = preSolution
		Debug|Any CPU = Debug|Any CPU
		Release|Any CPU = Release|Any CPU
	EndGlobalSection
	GlobalSection(ProjectConfigurationPlatforms) = postSolution
		{1A0BACE5-47C4-49C0-9A55-B084A9AC9038}.Debug|Any CPU.ActiveCfg = Debug|Any CPU
		{1A0BACE5-47C4-49C0-9A55-B084A9AC9038}.Debug|Any CPU.Build.0 = Debug|Any CPU
		{1A0BACE5-47C4-49C0-9A55-B084A9AC9038}.Release|Any CPU.ActiveCfg = Release|Any CPU
		{1A0BACE5-47C4-49C0-9A55-B084A9AC9038}.Release|Any CPU.Build.0 = Release|Any CPU
	EndGlobalSection
	GlobalSection(SolutionProperties) = preSolution
		HideSolutionNode = FALSE
	EndGlobalSection
	GlobalSection(ExtensibilityGlobals) = postSolution
		SolutionGuid = {C1D8FF6F-208C-4D34-8979-4C6C9659F36D}
	EndGlobalSection
EndGlobal
